{
  "name": "tool",
  "version": "1.0.0",
  "lockfileVersion": 1,
  "requires": true,
  "dependencies": {
    "vuetify": {
      "version": "1.2.9",
      "resolved": "https://registry.npmjs.org/vuetify/-/vuetify-1.2.9.tgz",
      "integrity": "sha512-PQJrBU56KThmuffhO147D1wX+7fHyFIfdh+kTHb+Od234PgqcyGH8hQ4KWDM76SbL5ozinF6FLZBPPw07TR9UQ=="
    },
    "vuex": {
      "version": "3.0.1",
      "resolved": "https://registry.npmjs.org/vuex/-/vuex-3.0.1.tgz",
      "integrity": "sha512-wLoqz0B7DSZtgbWL1ShIBBCjv22GV5U+vcBFox658g6V0s4wZV9P4YjCNyoHSyIBpj1f29JBoNQIqD82cR4O3w=="
    }
  }
}
