{
  "name": "tool",
  "version": "1.0.0",
  "lockfileVersion": 1,
  "requires": true,
  "dependencies": {
    "vuetify": {
      "version": "1.2.9",
      "resolved": "https://registry.npmjs.org/vuetify/-/vuetify-1.2.9.tgz",
      "integrity": "sha512-PQJrBU56KThmuffhO147D1wX+7fHyFIfdh+kTHb+Od234PgqcyGH8hQ4KWDM76SbL5ozinF6FLZBPPw07TR9UQ=="
    }
  }
}
